// !$*UTF8*$!
{
	archiveVersion = 1;
	classes = {
	};
	objectVersion = 55;
	objects = {

/* Begin PBXBuildFile section */
		4978DF38DF9DDFBD50B98191 /* Pods_ChatApp.framework in Frameworks */ = {isa = PBXBuildFile; fileRef = 7CD53EE2E7D3A3B2672A9C23 /* Pods_ChatApp.framework */; };
		D8034E812856D8FE008C569F /* CustomInputAccessoryView.swift in Sources */ = {isa = PBXBuildFile; fileRef = D8034E802856D8FE008C569F /* CustomInputAccessoryView.swift */; };
		D8034E832856E1EF008C569F /* MessageCell.swift in Sources */ = {isa = PBXBuildFile; fileRef = D8034E822856E1EF008C569F /* MessageCell.swift */; };
		D8034E852856F0F2008C569F /* Message.swift in Sources */ = {isa = PBXBuildFile; fileRef = D8034E842856F0F2008C569F /* Message.swift */; };
		D8034E872856F36A008C569F /* MessageViewModel.swift in Sources */ = {isa = PBXBuildFile; fileRef = D8034E862856F36A008C569F /* MessageViewModel.swift */; };
		D8034E892856FB3A008C569F /* Constants.swift in Sources */ = {isa = PBXBuildFile; fileRef = D8034E882856FB3A008C569F /* Constants.swift */; };
		D828A9BE2848485D005014A9 /* NewMessageController.swift in Sources */ = {isa = PBXBuildFile; fileRef = D828A9BD2848485D005014A9 /* NewMessageController.swift */; };
		D828A9C028485796005014A9 /* UserCell.swift in Sources */ = {isa = PBXBuildFile; fileRef = D828A9BF28485796005014A9 /* UserCell.swift */; };
		D828A9C228485A9E005014A9 /* User.swift in Sources */ = {isa = PBXBuildFile; fileRef = D828A9C128485A9E005014A9 /* User.swift */; };
		D828A9C428485B14005014A9 /* Service.swift in Sources */ = {isa = PBXBuildFile; fileRef = D828A9C328485B14005014A9 /* Service.swift */; };
		D828A9C6284869EC005014A9 /* ChatController.swift in Sources */ = {isa = PBXBuildFile; fileRef = D828A9C5284869EC005014A9 /* ChatController.swift */; };
		D89E02C7284728E200E7A4B9 /* ConversationsController.swift in Sources */ = {isa = PBXBuildFile; fileRef = D89E02C6284728E100E7A4B9 /* ConversationsController.swift */; };
		D89E02CA28472E1000E7A4B9 /* LoginController.swift in Sources */ = {isa = PBXBuildFile; fileRef = D89E02C928472E1000E7A4B9 /* LoginController.swift */; };
		D89E02CC28472E2000E7A4B9 /* RegistrationCotroller.swift in Sources */ = {isa = PBXBuildFile; fileRef = D89E02CB28472E2000E7A4B9 /* RegistrationCotroller.swift */; };
		D89E02CE2847304E00E7A4B9 /* Extensions.swift in Sources */ = {isa = PBXBuildFile; fileRef = D89E02CD2847304E00E7A4B9 /* Extensions.swift */; };
		D89E02D22847484600E7A4B9 /* LoginViewModel.swift in Sources */ = {isa = PBXBuildFile; fileRef = D89E02D12847484600E7A4B9 /* LoginViewModel.swift */; };
		D89E02D42847511400E7A4B9 /* RegistrationViewModel.swift in Sources */ = {isa = PBXBuildFile; fileRef = D89E02D32847511400E7A4B9 /* RegistrationViewModel.swift */; };
		D8A69EA628373FAF00408B33 /* AppDelegate.swift in Sources */ = {isa = PBXBuildFile; fileRef = D8A69EA528373FAF00408B33 /* AppDelegate.swift */; };
		D8A69EA828373FAF00408B33 /* SceneDelegate.swift in Sources */ = {isa = PBXBuildFile; fileRef = D8A69EA728373FAF00408B33 /* SceneDelegate.swift */; };
		D8A69EAA28373FAF00408B33 /* ViewController.swift in Sources */ = {isa = PBXBuildFile; fileRef = D8A69EA928373FAF00408B33 /* ViewController.swift */; };
		D8A69EAD28373FAF00408B33 /* Main.storyboard in Resources */ = {isa = PBXBuildFile; fileRef = D8A69EAB28373FAF00408B33 /* Main.storyboard */; };
		D8A69EAF28373FB000408B33 /* Assets.xcassets in Resources */ = {isa = PBXBuildFile; fileRef = D8A69EAE28373FB000408B33 /* Assets.xcassets */; };
		D8A69EB228373FB000408B33 /* LaunchScreen.storyboard in Resources */ = {isa = PBXBuildFile; fileRef = D8A69EB028373FB000408B33 /* LaunchScreen.storyboard */; };
		D8C820F4284757E200578B6B /* GoogleService-Info.plist in Resources */ = {isa = PBXBuildFile; fileRef = D8C820F3284757E200578B6B /* GoogleService-Info.plist */; };
/* End PBXBuildFile section */

/* Begin PBXFileReference section */
		7CD53EE2E7D3A3B2672A9C23 /* Pods_ChatApp.framework */ = {isa = PBXFileReference; explicitFileType = wrapper.framework; includeInIndex = 0; path = Pods_ChatApp.framework; sourceTree = BUILT_PRODUCTS_DIR; };
		BEA828658B52CC575881E707 /* Pods-ChatApp.debug.xcconfig */ = {isa = PBXFileReference; includeInIndex = 1; lastKnownFileType = text.xcconfig; name = "Pods-ChatApp.debug.xcconfig"; path = "Target Support Files/Pods-ChatApp/Pods-ChatApp.debug.xcconfig"; sourceTree = "<group>"; };
		C903C7114009769DD523D9A8 /* Pods-ChatApp.release.xcconfig */ = {isa = PBXFileReference; includeInIndex = 1; lastKnownFileType = text.xcconfig; name = "Pods-ChatApp.release.xcconfig"; path = "Target Support Files/Pods-ChatApp/Pods-ChatApp.release.xcconfig"; sourceTree = "<group>"; };
		D8034E802856D8FE008C569F /* CustomInputAccessoryView.swift */ = {isa = PBXFileReference; lastKnownFileType = sourcecode.swift; path = CustomInputAccessoryView.swift; sourceTree = "<group>"; };
		D8034E822856E1EF008C569F /* MessageCell.swift */ = {isa = PBXFileReference; lastKnownFileType = sourcecode.swift; path = MessageCell.swift; sourceTree = "<group>"; };
		D8034E842856F0F2008C569F /* Message.swift */ = {isa = PBXFileReference; lastKnownFileType = sourcecode.swift; path = Message.swift; sourceTree = "<group>"; };
		D8034E862856F36A008C569F /* MessageViewModel.swift */ = {isa = PBXFileReference; lastKnownFileType = sourcecode.swift; path = MessageViewModel.swift; sourceTree = "<group>"; };
		D8034E882856FB3A008C569F /* Constants.swift */ = {isa = PBXFileReference; lastKnownFileType = sourcecode.swift; path = Constants.swift; sourceTree = "<group>"; };
		D828A9BD2848485D005014A9 /* NewMessageController.swift */ = {isa = PBXFileReference; lastKnownFileType = sourcecode.swift; path = NewMessageController.swift; sourceTree = "<group>"; };
		D828A9BF28485796005014A9 /* UserCell.swift */ = {isa = PBXFileReference; lastKnownFileType = sourcecode.swift; path = UserCell.swift; sourceTree = "<group>"; };
		D828A9C128485A9E005014A9 /* User.swift */ = {isa = PBXFileReference; lastKnownFileType = sourcecode.swift; path = User.swift; sourceTree = "<group>"; };
		D828A9C328485B14005014A9 /* Service.swift */ = {isa = PBXFileReference; lastKnownFileType = sourcecode.swift; path = Service.swift; sourceTree = "<group>"; };
		D828A9C5284869EC005014A9 /* ChatController.swift */ = {isa = PBXFileReference; lastKnownFileType = sourcecode.swift; path = ChatController.swift; sourceTree = "<group>"; };
		D89E02C6284728E100E7A4B9 /* ConversationsController.swift */ = {isa = PBXFileReference; lastKnownFileType = sourcecode.swift; path = ConversationsController.swift; sourceTree = "<group>"; };
		D89E02C928472E1000E7A4B9 /* LoginController.swift */ = {isa = PBXFileReference; lastKnownFileType = sourcecode.swift; path = LoginController.swift; sourceTree = "<group>"; };
		D89E02CB28472E2000E7A4B9 /* RegistrationCotroller.swift */ = {isa = PBXFileReference; lastKnownFileType = sourcecode.swift; path = RegistrationCotroller.swift; sourceTree = "<group>"; };
		D89E02CD2847304E00E7A4B9 /* Extensions.swift */ = {isa = PBXFileReference; lastKnownFileType = sourcecode.swift; path = Extensions.swift; sourceTree = "<group>"; };
		D89E02D12847484600E7A4B9 /* LoginViewModel.swift */ = {isa = PBXFileReference; lastKnownFileType = sourcecode.swift; path = LoginViewModel.swift; sourceTree = "<group>"; };
		D89E02D32847511400E7A4B9 /* RegistrationViewModel.swift */ = {isa = PBXFileReference; lastKnownFileType = sourcecode.swift; path = RegistrationViewModel.swift; sourceTree = "<group>"; };
		D8A69EA228373FAF00408B33 /* ChatApp.app */ = {isa = PBXFileReference; explicitFileType = wrapper.application; includeInIndex = 0; path = ChatApp.app; sourceTree = BUILT_PRODUCTS_DIR; };
		D8A69EA528373FAF00408B33 /* AppDelegate.swift */ = {isa = PBXFileReference; lastKnownFileType = sourcecode.swift; path = AppDelegate.swift; sourceTree = "<group>"; };
		D8A69EA728373FAF00408B33 /* SceneDelegate.swift */ = {isa = PBXFileReference; lastKnownFileType = sourcecode.swift; path = SceneDelegate.swift; sourceTree = "<group>"; };
		D8A69EA928373FAF00408B33 /* ViewController.swift */ = {isa = PBXFileReference; lastKnownFileType = sourcecode.swift; path = ViewController.swift; sourceTree = "<group>"; };
		D8A69EAC28373FAF00408B33 /* Base */ = {isa = PBXFileReference; lastKnownFileType = file.storyboard; name = Base; path = Base.lproj/Main.storyboard; sourceTree = "<group>"; };
		D8A69EAE28373FB000408B33 /* Assets.xcassets */ = {isa = PBXFileReference; lastKnownFileType = folder.assetcatalog; path = Assets.xcassets; sourceTree = "<group>"; };
		D8A69EB128373FB000408B33 /* Base */ = {isa = PBXFileReference; lastKnownFileType = file.storyboard; name = Base; path = Base.lproj/LaunchScreen.storyboard; sourceTree = "<group>"; };
		D8A69EB328373FB000408B33 /* Info.plist */ = {isa = PBXFileReference; lastKnownFileType = text.plist.xml; path = Info.plist; sourceTree = "<group>"; };
		D8C820F3284757E200578B6B /* GoogleService-Info.plist */ = {isa = PBXFileReference; fileEncoding = 4; lastKnownFileType = text.plist.xml; path = "GoogleService-Info.plist"; sourceTree = "<group>"; };
/* End PBXFileReference section */

/* Begin PBXFrameworksBuildPhase section */
		D8A69E9F28373FAF00408B33 /* Frameworks */ = {
			isa = PBXFrameworksBuildPhase;
			buildActionMask = 2147483647;
			files = (
				4978DF38DF9DDFBD50B98191 /* Pods_ChatApp.framework in Frameworks */,
			);
			runOnlyForDeploymentPostprocessing = 0;
		};
/* End PBXFrameworksBuildPhase section */

/* Begin PBXGroup section */
		3CBABF0D13551858422FB2E3 /* Frameworks */ = {
			isa = PBXGroup;
			children = (
				7CD53EE2E7D3A3B2672A9C23 /* Pods_ChatApp.framework */,
			);
			name = Frameworks;
			sourceTree = "<group>";
		};
		5C50EA7618469D237439A760 /* Pods */ = {
			isa = PBXGroup;
			children = (
				BEA828658B52CC575881E707 /* Pods-ChatApp.debug.xcconfig */,
				C903C7114009769DD523D9A8 /* Pods-ChatApp.release.xcconfig */,
			);
			path = Pods;
			sourceTree = "<group>";
		};
		D89E02C0284722D600E7A4B9 /* Utils */ = {
			isa = PBXGroup;
			children = (
				D89E02CD2847304E00E7A4B9 /* Extensions.swift */,
				D8034E882856FB3A008C569F /* Constants.swift */,
			);
			path = Utils;
			sourceTree = "<group>";
		};
		D89E02C1284722D900E7A4B9 /* API */ = {
			isa = PBXGroup;
			children = (
				D828A9C328485B14005014A9 /* Service.swift */,
			);
			path = API;
			sourceTree = "<group>";
		};
		D89E02C2284722DE00E7A4B9 /* Controller */ = {
			isa = PBXGroup;
			children = (
				D89E02C828472E0400E7A4B9 /* Authentications */,
				D89E02C6284728E100E7A4B9 /* ConversationsController.swift */,
				D828A9BD2848485D005014A9 /* NewMessageController.swift */,
				D828A9C5284869EC005014A9 /* ChatController.swift */,
			);
			path = Controller;
			sourceTree = "<group>";
		};
		D89E02C3284722E000E7A4B9 /* ViewModel */ = {
			isa = PBXGroup;
			children = (
				D89E02D12847484600E7A4B9 /* LoginViewModel.swift */,
				D89E02D32847511400E7A4B9 /* RegistrationViewModel.swift */,
				D8034E862856F36A008C569F /* MessageViewModel.swift */,
			);
			path = ViewModel;
			sourceTree = "<group>";
		};
		D89E02C4284722E200E7A4B9 /* View */ = {
			isa = PBXGroup;
			children = (
				D828A9BF28485796005014A9 /* UserCell.swift */,
				D8034E802856D8FE008C569F /* CustomInputAccessoryView.swift */,
				D8034E822856E1EF008C569F /* MessageCell.swift */,
			);
			path = View;
			sourceTree = "<group>";
		};
		D89E02C5284722E300E7A4B9 /* Model */ = {
			isa = PBXGroup;
			children = (
				D828A9C128485A9E005014A9 /* User.swift */,
				D8034E842856F0F2008C569F /* Message.swift */,
			);
			path = Model;
			sourceTree = "<group>";
		};
		D89E02C828472E0400E7A4B9 /* Authentications */ = {
			isa = PBXGroup;
			children = (
				D89E02C928472E1000E7A4B9 /* LoginController.swift */,
				D89E02CB28472E2000E7A4B9 /* RegistrationCotroller.swift */,
			);
			path = Authentications;
			sourceTree = "<group>";
		};
		D8A69E9928373FAE00408B33 = {
			isa = PBXGroup;
			children = (
				D8A69EA428373FAF00408B33 /* ChatApp */,
				D8A69EA328373FAF00408B33 /* Products */,
				5C50EA7618469D237439A760 /* Pods */,
				3CBABF0D13551858422FB2E3 /* Frameworks */,
			);
			sourceTree = "<group>";
		};
		D8A69EA328373FAF00408B33 /* Products */ = {
			isa = PBXGroup;
			children = (
				D8A69EA228373FAF00408B33 /* ChatApp.app */,
			);
			name = Products;
			sourceTree = "<group>";
		};
		D8A69EA428373FAF00408B33 /* ChatApp */ = {
			isa = PBXGroup;
			children = (
				D8C820F3284757E200578B6B /* GoogleService-Info.plist */,
				D89E02C5284722E300E7A4B9 /* Model */,
				D89E02C4284722E200E7A4B9 /* View */,
				D89E02C3284722E000E7A4B9 /* ViewModel */,
				D89E02C2284722DE00E7A4B9 /* Controller */,
				D89E02C1284722D900E7A4B9 /* API */,
				D89E02C0284722D600E7A4B9 /* Utils */,
				D8A69EA528373FAF00408B33 /* AppDelegate.swift */,
				D8A69EA728373FAF00408B33 /* SceneDelegate.swift */,
				D8A69EA928373FAF00408B33 /* ViewController.swift */,
				D8A69EAB28373FAF00408B33 /* Main.storyboard */,
				D8A69EAE28373FB000408B33 /* Assets.xcassets */,
				D8A69EB028373FB000408B33 /* LaunchScreen.storyboard */,
				D8A69EB328373FB000408B33 /* Info.plist */,
			);
			path = ChatApp;
			sourceTree = "<group>";
		};
/* End PBXGroup section */

/* Begin PBXNativeTarget section */
		D8A69EA128373FAF00408B33 /* ChatApp */ = {
			isa = PBXNativeTarget;
			buildConfigurationList = D8A69EB628373FB000408B33 /* Build configuration list for PBXNativeTarget "ChatApp" */;
			buildPhases = (
				E7335B8FC05A93AE08091A17 /* [CP] Check Pods Manifest.lock */,
				D8A69E9E28373FAF00408B33 /* Sources */,
				D8A69E9F28373FAF00408B33 /* Frameworks */,
				D8A69EA028373FAF00408B33 /* Resources */,
				02EE01D7F8CA07C96F20AC70 /* [CP] Embed Pods Frameworks */,
			);
			buildRules = (
			);
			dependencies = (
			);
			name = ChatApp;
			productName = ChatApp;
			productReference = D8A69EA228373FAF00408B33 /* ChatApp.app */;
			productType = "com.apple.product-type.application";
		};
/* End PBXNativeTarget section */

/* Begin PBXProject section */
		D8A69E9A28373FAE00408B33 /* Project object */ = {
			isa = PBXProject;
			attributes = {
				BuildIndependentTargetsInParallel = 1;
				LastSwiftUpdateCheck = 1330;
				LastUpgradeCheck = 1330;
				TargetAttributes = {
					D8A69EA128373FAF00408B33 = {
						CreatedOnToolsVersion = 13.3;
					};
				};
			};
			buildConfigurationList = D8A69E9D28373FAE00408B33 /* Build configuration list for PBXProject "ChatApp" */;
			compatibilityVersion = "Xcode 13.0";
			developmentRegion = en;
			hasScannedForEncodings = 0;
			knownRegions = (
				en,
				Base,
			);
			mainGroup = D8A69E9928373FAE00408B33;
			productRefGroup = D8A69EA328373FAF00408B33 /* Products */;
			projectDirPath = "";
			projectRoot = "";
			targets = (
				D8A69EA128373FAF00408B33 /* ChatApp */,
			);
		};
/* End PBXProject section */

/* Begin PBXResourcesBuildPhase section */
		D8A69EA028373FAF00408B33 /* Resources */ = {
			isa = PBXResourcesBuildPhase;
			buildActionMask = 2147483647;
			files = (
				D8A69EB228373FB000408B33 /* LaunchScreen.storyboard in Resources */,
				D8C820F4284757E200578B6B /* GoogleService-Info.plist in Resources */,
				D8A69EAF28373FB000408B33 /* Assets.xcassets in Resources */,
				D8A69EAD28373FAF00408B33 /* Main.storyboard in Resources */,
			);
			runOnlyForDeploymentPostprocessing = 0;
		};
/* End PBXResourcesBuildPhase section */

/* Begin PBXShellScriptBuildPhase section */
		02EE01D7F8CA07C96F20AC70 /* [CP] Embed Pods Frameworks */ = {
			isa = PBXShellScriptBuildPhase;
			buildActionMask = 2147483647;
			files = (
			);
			inputFileListPaths = (
				"${PODS_ROOT}/Target Support Files/Pods-ChatApp/Pods-ChatApp-frameworks-${CONFIGURATION}-input-files.xcfilelist",
			);
			name = "[CP] Embed Pods Frameworks";
			outputFileListPaths = (
				"${PODS_ROOT}/Target Support Files/Pods-ChatApp/Pods-ChatApp-frameworks-${CONFIGURATION}-output-files.xcfilelist",
			);
			runOnlyForDeploymentPostprocessing = 0;
			shellPath = /bin/sh;
			shellScript = "\"${PODS_ROOT}/Target Support Files/Pods-ChatApp/Pods-ChatApp-frameworks.sh\"\n";
			showEnvVarsInLog = 0;
		};
		E7335B8FC05A93AE08091A17 /* [CP] Check Pods Manifest.lock */ = {
			isa = PBXShellScriptBuildPhase;
			buildActionMask = 2147483647;
			files = (
			);
			inputFileListPaths = (
			);
			inputPaths = (
				"${PODS_PODFILE_DIR_PATH}/Podfile.lock",
				"${PODS_ROOT}/Manifest.lock",
			);
			name = "[CP] Check Pods Manifest.lock";
			outputFileListPaths = (
			);
			outputPaths = (
				"$(DERIVED_FILE_DIR)/Pods-ChatApp-checkManifestLockResult.txt",
			);
			runOnlyForDeploymentPostprocessing = 0;
			shellPath = /bin/sh;
			shellScript = "diff \"${PODS_PODFILE_DIR_PATH}/Podfile.lock\" \"${PODS_ROOT}/Manifest.lock\" > /dev/null\nif [ $? != 0 ] ; then\n    # print error to STDERR\n    echo \"error: The sandbox is not in sync with the Podfile.lock. Run 'pod install' or update your CocoaPods installation.\" >&2\n    exit 1\nfi\n# This output is used by Xcode 'outputs' to avoid re-running this script phase.\necho \"SUCCESS\" > \"${SCRIPT_OUTPUT_FILE_0}\"\n";
			showEnvVarsInLog = 0;
		};
/* End PBXShellScriptBuildPhase section */

/* Begin PBXSourcesBuildPhase section */
		D8A69E9E28373FAF00408B33 /* Sources */ = {
			isa = PBXSourcesBuildPhase;
			buildActionMask = 2147483647;
			files = (
				D8A69EAA28373FAF00408B33 /* ViewController.swift in Sources */,
				D8034E892856FB3A008C569F /* Constants.swift in Sources */,
				D8034E832856E1EF008C569F /* MessageCell.swift in Sources */,
				D828A9C428485B14005014A9 /* Service.swift in Sources */,
				D8034E852856F0F2008C569F /* Message.swift in Sources */,
				D89E02D42847511400E7A4B9 /* RegistrationViewModel.swift in Sources */,
				D89E02CC28472E2000E7A4B9 /* RegistrationCotroller.swift in Sources */,
				D8A69EA628373FAF00408B33 /* AppDelegate.swift in Sources */,
				D8034E812856D8FE008C569F /* CustomInputAccessoryView.swift in Sources */,
				D89E02C7284728E200E7A4B9 /* ConversationsController.swift in Sources */,
				D89E02D22847484600E7A4B9 /* LoginViewModel.swift in Sources */,
				D8034E872856F36A008C569F /* MessageViewModel.swift in Sources */,
				D828A9BE2848485D005014A9 /* NewMessageController.swift in Sources */,
				D8A69EA828373FAF00408B33 /* SceneDelegate.swift in Sources */,
				D828A9C6284869EC005014A9 /* ChatController.swift in Sources */,
				D828A9C228485A9E005014A9 /* User.swift in Sources */,
				D89E02CA28472E1000E7A4B9 /* LoginController.swift in Sources */,
				D828A9C028485796005014A9 /* UserCell.swift in Sources */,
				D89E02CE2847304E00E7A4B9 /* Extensions.swift in Sources */,
			);
			runOnlyForDeploymentPostprocessing = 0;
		};
/* End PBXSourcesBuildPhase section */

/* Begin PBXVariantGroup section */
		D8A69EAB28373FAF00408B33 /* Main.storyboard */ = {
			isa = PBXVariantGroup;
			children = (
				D8A69EAC28373FAF00408B33 /* Base */,
			);
			name = Main.storyboard;
			sourceTree = "<group>";
		};
		D8A69EB028373FB000408B33 /* LaunchScreen.storyboard */ = {
			isa = PBXVariantGroup;
			children = (
				D8A69EB128373FB000408B33 /* Base */,
			);
			name = LaunchScreen.storyboard;
			sourceTree = "<group>";
		};
/* End PBXVariantGroup section */

/* Begin XCBuildConfiguration section */
		D8A69EB428373FB000408B33 /* Debug */ = {
			isa = XCBuildConfiguration;
			buildSettings = {
				ALWAYS_SEARCH_USER_PATHS = NO;
				CLANG_ANALYZER_NONNULL = YES;
				CLANG_ANALYZER_NUMBER_OBJECT_CONVERSION = YES_AGGRESSIVE;
				CLANG_CXX_LANGUAGE_STANDARD = "gnu++17";
				CLANG_ENABLE_MODULES = YES;
				CLANG_ENABLE_OBJC_ARC = YES;
				CLANG_ENABLE_OBJC_WEAK = YES;
				CLANG_WARN_BLOCK_CAPTURE_AUTORELEASING = YES;
				CLANG_WARN_BOOL_CONVERSION = YES;
				CLANG_WARN_COMMA = YES;
				CLANG_WARN_CONSTANT_CONVERSION = YES;
				CLANG_WARN_DEPRECATED_OBJC_IMPLEMENTATIONS = YES;
				CLANG_WARN_DIRECT_OBJC_ISA_USAGE = YES_ERROR;
				CLANG_WARN_DOCUMENTATION_COMMENTS = YES;
				CLANG_WARN_EMPTY_BODY = YES;
				CLANG_WARN_ENUM_CONVERSION = YES;
				CLANG_WARN_INFINITE_RECURSION = YES;
				CLANG_WARN_INT_CONVERSION = YES;
				CLANG_WARN_NON_LITERAL_NULL_CONVERSION = YES;
				CLANG_WARN_OBJC_IMPLICIT_RETAIN_SELF = YES;
				CLANG_WARN_OBJC_LITERAL_CONVERSION = YES;
				CLANG_WARN_OBJC_ROOT_CLASS = YES_ERROR;
				CLANG_WARN_QUOTED_INCLUDE_IN_FRAMEWORK_HEADER = YES;
				CLANG_WARN_RANGE_LOOP_ANALYSIS = YES;
				CLANG_WARN_STRICT_PROTOTYPES = YES;
				CLANG_WARN_SUSPICIOUS_MOVE = YES;
				CLANG_WARN_UNGUARDED_AVAILABILITY = YES_AGGRESSIVE;
				CLANG_WARN_UNREACHABLE_CODE = YES;
				CLANG_WARN__DUPLICATE_METHOD_MATCH = YES;
				COPY_PHASE_STRIP = NO;
				DEBUG_INFORMATION_FORMAT = dwarf;
				ENABLE_STRICT_OBJC_MSGSEND = YES;
				ENABLE_TESTABILITY = YES;
				GCC_C_LANGUAGE_STANDARD = gnu11;
				GCC_DYNAMIC_NO_PIC = NO;
				GCC_NO_COMMON_BLOCKS = YES;
				GCC_OPTIMIZATION_LEVEL = 0;
				GCC_PREPROCESSOR_DEFINITIONS = (
					"DEBUG=1",
					"$(inherited)",
				);
				GCC_WARN_64_TO_32_BIT_CONVERSION = YES;
				GCC_WARN_ABOUT_RETURN_TYPE = YES_ERROR;
				GCC_WARN_UNDECLARED_SELECTOR = YES;
				GCC_WARN_UNINITIALIZED_AUTOS = YES_AGGRESSIVE;
				GCC_WARN_UNUSED_FUNCTION = YES;
				GCC_WARN_UNUSED_VARIABLE = YES;
				IPHONEOS_DEPLOYMENT_TARGET = 15.4;
				MTL_ENABLE_DEBUG_INFO = INCLUDE_SOURCE;
				MTL_FAST_MATH = YES;
				ONLY_ACTIVE_ARCH = YES;
				SDKROOT = iphoneos;
				SWIFT_ACTIVE_COMPILATION_CONDITIONS = DEBUG;
				SWIFT_OPTIMIZATION_LEVEL = "-Onone";
			};
			name = Debug;
		};
		D8A69EB528373FB000408B33 /* Release */ = {
			isa = XCBuildConfiguration;
			buildSettings = {
				ALWAYS_SEARCH_USER_PATHS = NO;
				CLANG_ANALYZER_NONNULL = YES;
				CLANG_ANALYZER_NUMBER_OBJECT_CONVERSION = YES_AGGRESSIVE;
				CLANG_CXX_LANGUAGE_STANDARD = "gnu++17";
				CLANG_ENABLE_MODULES = YES;
				CLANG_ENABLE_OBJC_ARC = YES;
				CLANG_ENABLE_OBJC_WEAK = YES;
				CLANG_WARN_BLOCK_CAPTURE_AUTORELEASING = YES;
				CLANG_WARN_BOOL_CONVERSION = YES;
				CLANG_WARN_COMMA = YES;
				CLANG_WARN_CONSTANT_CONVERSION = YES;
				CLANG_WARN_DEPRECATED_OBJC_IMPLEMENTATIONS = YES;
				CLANG_WARN_DIRECT_OBJC_ISA_USAGE = YES_ERROR;
				CLANG_WARN_DOCUMENTATION_COMMENTS = YES;
				CLANG_WARN_EMPTY_BODY = YES;
				CLANG_WARN_ENUM_CONVERSION = YES;
				CLANG_WARN_INFINITE_RECURSION = YES;
				CLANG_WARN_INT_CONVERSION = YES;
				CLANG_WARN_NON_LITERAL_NULL_CONVERSION = YES;
				CLANG_WARN_OBJC_IMPLICIT_RETAIN_SELF = YES;
				CLANG_WARN_OBJC_LITERAL_CONVERSION = YES;
				CLANG_WARN_OBJC_ROOT_CLASS = YES_ERROR;
				CLANG_WARN_QUOTED_INCLUDE_IN_FRAMEWORK_HEADER = YES;
				CLANG_WARN_RANGE_LOOP_ANALYSIS = YES;
				CLANG_WARN_STRICT_PROTOTYPES = YES;
				CLANG_WARN_SUSPICIOUS_MOVE = YES;
				CLANG_WARN_UNGUARDED_AVAILABILITY = YES_AGGRESSIVE;
				CLANG_WARN_UNREACHABLE_CODE = YES;
				CLANG_WARN__DUPLICATE_METHOD_MATCH = YES;
				COPY_PHASE_STRIP = NO;
				DEBUG_INFORMATION_FORMAT = "dwarf-with-dsym";
				ENABLE_NS_ASSERTIONS = NO;
				ENABLE_STRICT_OBJC_MSGSEND = YES;
				GCC_C_LANGUAGE_STANDARD = gnu11;
				GCC_NO_COMMON_BLOCKS = YES;
				GCC_WARN_64_TO_32_BIT_CONVERSION = YES;
				GCC_WARN_ABOUT_RETURN_TYPE = YES_ERROR;
				GCC_WARN_UNDECLARED_SELECTOR = YES;
				GCC_WARN_UNINITIALIZED_AUTOS = YES_AGGRESSIVE;
				GCC_WARN_UNUSED_FUNCTION = YES;
				GCC_WARN_UNUSED_VARIABLE = YES;
				IPHONEOS_DEPLOYMENT_TARGET = 15.4;
				MTL_ENABLE_DEBUG_INFO = NO;
				MTL_FAST_MATH = YES;
				SDKROOT = iphoneos;
				SWIFT_COMPILATION_MODE = wholemodule;
				SWIFT_OPTIMIZATION_LEVEL = "-O";
				VALIDATE_PRODUCT = YES;
			};
			name = Release;
		};
		D8A69EB728373FB000408B33 /* Debug */ = {
			isa = XCBuildConfiguration;
			baseConfigurationReference = BEA828658B52CC575881E707 /* Pods-ChatApp.debug.xcconfig */;
			buildSettings = {
				ASSETCATALOG_COMPILER_APPICON_NAME = AppIcon;
				ASSETCATALOG_COMPILER_GLOBAL_ACCENT_COLOR_NAME = AccentColor;
				CODE_SIGN_STYLE = Automatic;
				CURRENT_PROJECT_VERSION = 1;
				DEVELOPMENT_TEAM = SLD3XB8ML6;
				GENERATE_INFOPLIST_FILE = YES;
				INFOPLIST_FILE = ChatApp/Info.plist;
				INFOPLIST_KEY_UIApplicationSupportsIndirectInputEvents = YES;
				INFOPLIST_KEY_UILaunchStoryboardName = LaunchScreen;
				INFOPLIST_KEY_UIMainStoryboardFile = Main;
				INFOPLIST_KEY_UISupportedInterfaceOrientations_iPad = "UIInterfaceOrientationPortrait UIInterfaceOrientationPortraitUpsideDown UIInterfaceOrientationLandscapeLeft UIInterfaceOrientationLandscapeRight";
				INFOPLIST_KEY_UISupportedInterfaceOrientations_iPhone = "UIInterfaceOrientationPortrait UIInterfaceOrientationLandscapeLeft UIInterfaceOrientationLandscapeRight";
				LD_RUNPATH_SEARCH_PATHS = (
					"$(inherited)",
					"@executable_path/Frameworks",
				);
				MARKETING_VERSION = 1.0;
				PRODUCT_BUNDLE_IDENTIFIER = neuli.ChatApp;
				PRODUCT_NAME = "$(TARGET_NAME)";
				SWIFT_EMIT_LOC_STRINGS = YES;
				SWIFT_VERSION = 5.0;
				TARGETED_DEVICE_FAMILY = "1,2";
			};
			name = Debug;
		};
		D8A69EB828373FB000408B33 /* Release */ = {
			isa = XCBuildConfiguration;
			baseConfigurationReference = C903C7114009769DD523D9A8 /* Pods-ChatApp.release.xcconfig */;
			buildSettings = {
				ASSETCATALOG_COMPILER_APPICON_NAME = AppIcon;
				ASSETCATALOG_COMPILER_GLOBAL_ACCENT_COLOR_NAME = AccentColor;
				CODE_SIGN_STYLE = Automatic;
				CURRENT_PROJECT_VERSION = 1;
				DEVELOPMENT_TEAM = SLD3XB8ML6;
				GENERATE_INFOPLIST_FILE = YES;
				INFOPLIST_FILE = ChatApp/Info.plist;
				INFOPLIST_KEY_UIApplicationSupportsIndirectInputEvents = YES;
				INFOPLIST_KEY_UILaunchStoryboardName = LaunchScreen;
				INFOPLIST_KEY_UIMainStoryboardFile = Main;
				INFOPLIST_KEY_UISupportedInterfaceOrientations_iPad = "UIInterfaceOrientationPortrait UIInterfaceOrientationPortraitUpsideDown UIInterfaceOrientationLandscapeLeft UIInterfaceOrientationLandscapeRight";
				INFOPLIST_KEY_UISupportedInterfaceOrientations_iPhone = "UIInterfaceOrientationPortrait UIInterfaceOrientationLandscapeLeft UIInterfaceOrientationLandscapeRight";
				LD_RUNPATH_SEARCH_PATHS = (
					"$(inherited)",
					"@executable_path/Frameworks",
				);
				MARKETING_VERSION = 1.0;
				PRODUCT_BUNDLE_IDENTIFIER = neuli.ChatApp;
				PRODUCT_NAME = "$(TARGET_NAME)";
				SWIFT_EMIT_LOC_STRINGS = YES;
				SWIFT_VERSION = 5.0;
				TARGETED_DEVICE_FAMILY = "1,2";
			};
			name = Release;
		};
/* End XCBuildConfiguration section */

/* Begin XCConfigurationList section */
		D8A69E9D28373FAE00408B33 /* Build configuration list for PBXProject "ChatApp" */ = {
			isa = XCConfigurationList;
			buildConfigurations = (
				D8A69EB428373FB000408B33 /* Debug */,
				D8A69EB528373FB000408B33 /* Release */,
			);
			defaultConfigurationIsVisible = 0;
			defaultConfigurationName = Release;
		};
		D8A69EB628373FB000408B33 /* Build configuration list for PBXNativeTarget "ChatApp" */ = {
			isa = XCConfigurationList;
			buildConfigurations = (
				D8A69EB728373FB000408B33 /* Debug */,
				D8A69EB828373FB000408B33 /* Release */,
			);
			defaultConfigurationIsVisible = 0;
			defaultConfigurationName = Release;
		};
/* End XCConfigurationList section */
	};
	rootObject = D8A69E9A28373FAE00408B33 /* Project object */;
}
